
Microsoft Visual Studio Solution File, Format Version 12.00
# Visual Studio Version 16
VisualStudioVersion = 16.0.29503.13
MinimumVisualStudioVersion = 10.0.40219.1
Project("{FAE04EC0-301F-11D3-BF4B-00C04F79EFBC}") = "SchoolMag", "SchoolMag\SchoolMag.csproj", "{B8272E56-067D-414B-8098-25A67BAE63DE}"
EndProject
Global
	GlobalSection(SolutionConfigurationPlatforms) = preSolution
		Debug|Any CPU = Debug|Any CPU
		Release|Any CPU = Release|Any CPU
	EndGlobalSection
	GlobalSection(ProjectConfigurationPlatforms) = postSolution
		{B8272E56-067D-414B-8098-25A67BAE63DE}.Debug|Any CPU.ActiveCfg = Debug|Any CPU
		{B8272E56-067D-414B-8098-25A67BAE63DE}.Debug|Any CPU.Build.0 = Debug|Any CPU
		{B8272E56-067D-414B-8098-25A67BAE63DE}.Release|Any CPU.ActiveCfg = Release|Any CPU
		{B8272E56-067D-414B-8098-25A67BAE63DE}.Release|Any CPU.Build.0 = Release|Any CPU
	EndGlobalSection
	GlobalSection(SolutionProperties) = preSolution
		HideSolutionNode = FALSE
	EndGlobalSection
	GlobalSection(ExtensibilityGlobals) = postSolution
		SolutionGuid = {BE6DEC25-2A08-4D75-9A75-778B92AF2E9A}
	EndGlobalSection
EndGlobal
